
Microsoft Visual Studio Solution File, Format Version 12.00
# Visual Studio Version 17
VisualStudioVersion = 17.3.32929.385
MinimumVisualStudioVersion = 10.0.40219.1
Project("{FAE04EC0-301F-11D3-BF4B-00C04F79EFBC}") = "07. Area of Figures", "07. Area of Figures\07. Area of Figures.csproj", "{AEFC0216-8FBD-4F62-9373-83A57FC5AA52}"
EndProject
Global
	GlobalSection(SolutionConfigurationPlatforms) = preSolution
		Debug|Any CPU = Debug|Any CPU
		Release|Any CPU = Release|Any CPU
	EndGlobalSection
	GlobalSection(ProjectConfigurationPlatforms) = postSolution
		{AEFC0216-8FBD-4F62-9373-83A57FC5AA52}.Debug|Any CPU.ActiveCfg = Debug|Any CPU
		{AEFC0216-8FBD-4F62-9373-83A57FC5AA52}.Debug|Any CPU.Build.0 = Debug|Any CPU
		{AEFC0216-8FBD-4F62-9373-83A57FC5AA52}.Release|Any CPU.ActiveCfg = Release|Any CPU
		{AEFC0216-8FBD-4F62-9373-83A57FC5AA52}.Release|Any CPU.Build.0 = Release|Any CPU
	EndGlobalSection
	GlobalSection(SolutionProperties) = preSolution
		HideSolutionNode = FALSE
	EndGlobalSection
	GlobalSection(ExtensibilityGlobals) = postSolution
		SolutionGuid = {E9E19898-B13D-4160-AF4A-2DB446A3E7B1}
	EndGlobalSection
EndGlobal
